// !$*UTF8*$!
{
	archiveVersion = 1;
	classes = {
	};
	objectVersion = 50;
	objects = {

/* Begin PBXBuildFile section */
		60C92C8327465EFF00A9B3B5 /* AppDelegate.swift in Sources */ = {isa = PBXBuildFile; fileRef = 60C92C8227465EFF00A9B3B5 /* AppDelegate.swift */; };
		60C92C8527465EFF00A9B3B5 /* SceneDelegate.swift in Sources */ = {isa = PBXBuildFile; fileRef = 60C92C8427465EFF00A9B3B5 /* SceneDelegate.swift */; };
		60C92C8727465EFF00A9B3B5 /* ViewController.swift in Sources */ = {isa = PBXBuildFile; fileRef = 60C92C8627465EFF00A9B3B5 /* ViewController.swift */; };
		60C92C8A27465EFF00A9B3B5 /* Main.storyboard in Resources */ = {isa = PBXBuildFile; fileRef = 60C92C8827465EFF00A9B3B5 /* Main.storyboard */; };
		60C92C8C27465F0000A9B3B5 /* Assets.xcassets in Resources */ = {isa = PBXBuildFile; fileRef = 60C92C8B27465F0000A9B3B5 /* Assets.xcassets */; };
		60C92C8F27465F0000A9B3B5 /* LaunchScreen.storyboard in Resources */ = {isa = PBXBuildFile; fileRef = 60C92C8D27465F0000A9B3B5 /* LaunchScreen.storyboard */; };
		60C92CBC2746655900A9B3B5 /* MovieModelTest.swift in Sources */ = {isa = PBXBuildFile; fileRef = 60C92CBB2746655900A9B3B5 /* MovieModelTest.swift */; };
		60C92CC4274665D500A9B3B5 /* Movie.swift in Sources */ = {isa = PBXBuildFile; fileRef = 60C92CC3274665D500A9B3B5 /* Movie.swift */; };
		60C92CCB274683E800A9B3B5 /* MovieManagerTest.swift in Sources */ = {isa = PBXBuildFile; fileRef = 60C92CCA274683E800A9B3B5 /* MovieManagerTest.swift */; };
		60C92CCF2746848900A9B3B5 /* MovieManager.swift in Sources */ = {isa = PBXBuildFile; fileRef = 60C92CCE2746848900A9B3B5 /* MovieManager.swift */; };
/* End PBXBuildFile section */

/* Begin PBXContainerItemProxy section */
		60C92C9627465F0100A9B3B5 /* PBXContainerItemProxy */ = {
			isa = PBXContainerItemProxy;
			containerPortal = 60C92C7727465EFF00A9B3B5 /* Project object */;
			proxyType = 1;
			remoteGlobalIDString = 60C92C7E27465EFF00A9B3B5;
			remoteInfo = FilmFest;
		};
/* End PBXContainerItemProxy section */

/* Begin PBXFileReference section */
		60C92C7F27465EFF00A9B3B5 /* FilmFest.app */ = {isa = PBXFileReference; explicitFileType = wrapper.application; includeInIndex = 0; path = FilmFest.app; sourceTree = BUILT_PRODUCTS_DIR; };
		60C92C8227465EFF00A9B3B5 /* AppDelegate.swift */ = {isa = PBXFileReference; lastKnownFileType = sourcecode.swift; path = AppDelegate.swift; sourceTree = "<group>"; };
		60C92C8427465EFF00A9B3B5 /* SceneDelegate.swift */ = {isa = PBXFileReference; lastKnownFileType = sourcecode.swift; path = SceneDelegate.swift; sourceTree = "<group>"; };
		60C92C8627465EFF00A9B3B5 /* ViewController.swift */ = {isa = PBXFileReference; lastKnownFileType = sourcecode.swift; path = ViewController.swift; sourceTree = "<group>"; };
		60C92C8927465EFF00A9B3B5 /* Base */ = {isa = PBXFileReference; lastKnownFileType = file.storyboard; name = Base; path = Base.lproj/Main.storyboard; sourceTree = "<group>"; };
		60C92C8B27465F0000A9B3B5 /* Assets.xcassets */ = {isa = PBXFileReference; lastKnownFileType = folder.assetcatalog; path = Assets.xcassets; sourceTree = "<group>"; };
		60C92C8E27465F0000A9B3B5 /* Base */ = {isa = PBXFileReference; lastKnownFileType = file.storyboard; name = Base; path = Base.lproj/LaunchScreen.storyboard; sourceTree = "<group>"; };
		60C92C9027465F0000A9B3B5 /* Info.plist */ = {isa = PBXFileReference; lastKnownFileType = text.plist.xml; path = Info.plist; sourceTree = "<group>"; };
		60C92C9527465F0100A9B3B5 /* FilmFestTests.xctest */ = {isa = PBXFileReference; explicitFileType = wrapper.cfbundle; includeInIndex = 0; path = FilmFestTests.xctest; sourceTree = BUILT_PRODUCTS_DIR; };
		60C92C9B27465F0100A9B3B5 /* Info.plist */ = {isa = PBXFileReference; lastKnownFileType = text.plist.xml; path = Info.plist; sourceTree = "<group>"; };
		60C92CBB2746655900A9B3B5 /* MovieModelTest.swift */ = {isa = PBXFileReference; lastKnownFileType = sourcecode.swift; path = MovieModelTest.swift; sourceTree = "<group>"; };
		60C92CC3274665D500A9B3B5 /* Movie.swift */ = {isa = PBXFileReference; lastKnownFileType = sourcecode.swift; path = Movie.swift; sourceTree = "<group>"; };
		60C92CCA274683E800A9B3B5 /* MovieManagerTest.swift */ = {isa = PBXFileReference; lastKnownFileType = sourcecode.swift; path = MovieManagerTest.swift; sourceTree = "<group>"; };
		60C92CCE2746848900A9B3B5 /* MovieManager.swift */ = {isa = PBXFileReference; lastKnownFileType = sourcecode.swift; path = MovieManager.swift; sourceTree = "<group>"; };
/* End PBXFileReference section */

/* Begin PBXFrameworksBuildPhase section */
		60C92C7C27465EFF00A9B3B5 /* Frameworks */ = {
			isa = PBXFrameworksBuildPhase;
			buildActionMask = 2147483647;
			files = (
			);
			runOnlyForDeploymentPostprocessing = 0;
		};
		60C92C9227465F0100A9B3B5 /* Frameworks */ = {
			isa = PBXFrameworksBuildPhase;
			buildActionMask = 2147483647;
			files = (
			);
			runOnlyForDeploymentPostprocessing = 0;
		};
/* End PBXFrameworksBuildPhase section */

/* Begin PBXGroup section */
		60C92C7627465EFF00A9B3B5 = {
			isa = PBXGroup;
			children = (
				60C92C8127465EFF00A9B3B5 /* FilmFest */,
				60C92C9827465F0100A9B3B5 /* FilmFestTests */,
				60C92C8027465EFF00A9B3B5 /* Products */,
			);
			sourceTree = "<group>";
		};
		60C92C8027465EFF00A9B3B5 /* Products */ = {
			isa = PBXGroup;
			children = (
				60C92C7F27465EFF00A9B3B5 /* FilmFest.app */,
				60C92C9527465F0100A9B3B5 /* FilmFestTests.xctest */,
			);
			name = Products;
			sourceTree = "<group>";
		};
		60C92C8127465EFF00A9B3B5 /* FilmFest */ = {
			isa = PBXGroup;
			children = (
				60C92CC2274665C000A9B3B5 /* Models */,
				60C92C8227465EFF00A9B3B5 /* AppDelegate.swift */,
				60C92C8427465EFF00A9B3B5 /* SceneDelegate.swift */,
				60C92C8627465EFF00A9B3B5 /* ViewController.swift */,
				60C92C8827465EFF00A9B3B5 /* Main.storyboard */,
				60C92C8B27465F0000A9B3B5 /* Assets.xcassets */,
				60C92C8D27465F0000A9B3B5 /* LaunchScreen.storyboard */,
				60C92C9027465F0000A9B3B5 /* Info.plist */,
			);
			path = FilmFest;
			sourceTree = "<group>";
		};
		60C92C9827465F0100A9B3B5 /* FilmFestTests */ = {
			isa = PBXGroup;
			children = (
				60C92CC72746671300A9B3B5 /* Test Models */,
				60C92C9B27465F0100A9B3B5 /* Info.plist */,
			);
			path = FilmFestTests;
			sourceTree = "<group>";
		};
		60C92CC2274665C000A9B3B5 /* Models */ = {
			isa = PBXGroup;
			children = (
				60C92CC3274665D500A9B3B5 /* Movie.swift */,
				60C92CCE2746848900A9B3B5 /* MovieManager.swift */,
			);
			path = Models;
			sourceTree = "<group>";
		};
		60C92CC72746671300A9B3B5 /* Test Models */ = {
			isa = PBXGroup;
			children = (
				60C92CBB2746655900A9B3B5 /* MovieModelTest.swift */,
				60C92CCA274683E800A9B3B5 /* MovieManagerTest.swift */,
			);
			path = "Test Models";
			sourceTree = "<group>";
		};
/* End PBXGroup section */

/* Begin PBXNativeTarget section */
		60C92C7E27465EFF00A9B3B5 /* FilmFest */ = {
			isa = PBXNativeTarget;
			buildConfigurationList = 60C92CA927465F0100A9B3B5 /* Build configuration list for PBXNativeTarget "FilmFest" */;
			buildPhases = (
				60C92C7B27465EFF00A9B3B5 /* Sources */,
				60C92C7C27465EFF00A9B3B5 /* Frameworks */,
				60C92C7D27465EFF00A9B3B5 /* Resources */,
			);
			buildRules = (
			);
			dependencies = (
			);
			name = FilmFest;
			productName = FilmFest;
			productReference = 60C92C7F27465EFF00A9B3B5 /* FilmFest.app */;
			productType = "com.apple.product-type.application";
		};
		60C92C9427465F0100A9B3B5 /* FilmFestTests */ = {
			isa = PBXNativeTarget;
			buildConfigurationList = 60C92CAC27465F0100A9B3B5 /* Build configuration list for PBXNativeTarget "FilmFestTests" */;
			buildPhases = (
				60C92C9127465F0100A9B3B5 /* Sources */,
				60C92C9227465F0100A9B3B5 /* Frameworks */,
				60C92C9327465F0100A9B3B5 /* Resources */,
			);
			buildRules = (
			);
			dependencies = (
				60C92C9727465F0100A9B3B5 /* PBXTargetDependency */,
			);
			name = FilmFestTests;
			productName = FilmFestTests;
			productReference = 60C92C9527465F0100A9B3B5 /* FilmFestTests.xctest */;
			productType = "com.apple.product-type.bundle.unit-test";
		};
/* End PBXNativeTarget section */

/* Begin PBXProject section */
		60C92C7727465EFF00A9B3B5 /* Project object */ = {
			isa = PBXProject;
			attributes = {
				LastSwiftUpdateCheck = 1240;
				LastUpgradeCheck = 1240;
				TargetAttributes = {
					60C92C7E27465EFF00A9B3B5 = {
						CreatedOnToolsVersion = 12.4;
					};
					60C92C9427465F0100A9B3B5 = {
						CreatedOnToolsVersion = 12.4;
						LastSwiftMigration = 1240;
						TestTargetID = 60C92C7E27465EFF00A9B3B5;
					};
				};
			};
			buildConfigurationList = 60C92C7A27465EFF00A9B3B5 /* Build configuration list for PBXProject "FilmFest" */;
			compatibilityVersion = "Xcode 9.3";
			developmentRegion = en;
			hasScannedForEncodings = 0;
			knownRegions = (
				en,
				Base,
			);
			mainGroup = 60C92C7627465EFF00A9B3B5;
			productRefGroup = 60C92C8027465EFF00A9B3B5 /* Products */;
			projectDirPath = "";
			projectRoot = "";
			targets = (
				60C92C7E27465EFF00A9B3B5 /* FilmFest */,
				60C92C9427465F0100A9B3B5 /* FilmFestTests */,
			);
		};
/* End PBXProject section */

/* Begin PBXResourcesBuildPhase section */
		60C92C7D27465EFF00A9B3B5 /* Resources */ = {
			isa = PBXResourcesBuildPhase;
			buildActionMask = 2147483647;
			files = (
				60C92C8F27465F0000A9B3B5 /* LaunchScreen.storyboard in Resources */,
				60C92C8C27465F0000A9B3B5 /* Assets.xcassets in Resources */,
				60C92C8A27465EFF00A9B3B5 /* Main.storyboard in Resources */,
			);
			runOnlyForDeploymentPostprocessing = 0;
		};
		60C92C9327465F0100A9B3B5 /* Resources */ = {
			isa = PBXResourcesBuildPhase;
			buildActionMask = 2147483647;
			files = (
			);
			runOnlyForDeploymentPostprocessing = 0;
		};
/* End PBXResourcesBuildPhase section */

/* Begin PBXSourcesBuildPhase section */
		60C92C7B27465EFF00A9B3B5 /* Sources */ = {
			isa = PBXSourcesBuildPhase;
			buildActionMask = 2147483647;
			files = (
				60C92C8727465EFF00A9B3B5 /* ViewController.swift in Sources */,
				60C92C8327465EFF00A9B3B5 /* AppDelegate.swift in Sources */,
				60C92CCF2746848900A9B3B5 /* MovieManager.swift in Sources */,
				60C92CC4274665D500A9B3B5 /* Movie.swift in Sources */,
				60C92C8527465EFF00A9B3B5 /* SceneDelegate.swift in Sources */,
			);
			runOnlyForDeploymentPostprocessing = 0;
		};
		60C92C9127465F0100A9B3B5 /* Sources */ = {
			isa = PBXSourcesBuildPhase;
			buildActionMask = 2147483647;
			files = (
				60C92CCB274683E800A9B3B5 /* MovieManagerTest.swift in Sources */,
				60C92CBC2746655900A9B3B5 /* MovieModelTest.swift in Sources */,
			);
			runOnlyForDeploymentPostprocessing = 0;
		};
/* End PBXSourcesBuildPhase section */

/* Begin PBXTargetDependency section */
		60C92C9727465F0100A9B3B5 /* PBXTargetDependency */ = {
			isa = PBXTargetDependency;
			target = 60C92C7E27465EFF00A9B3B5 /* FilmFest */;
			targetProxy = 60C92C9627465F0100A9B3B5 /* PBXContainerItemProxy */;
		};
/* End PBXTargetDependency section */

/* Begin PBXVariantGroup section */
		60C92C8827465EFF00A9B3B5 /* Main.storyboard */ = {
			isa = PBXVariantGroup;
			children = (
				60C92C8927465EFF00A9B3B5 /* Base */,
			);
			name = Main.storyboard;
			sourceTree = "<group>";
		};
		60C92C8D27465F0000A9B3B5 /* LaunchScreen.storyboard */ = {
			isa = PBXVariantGroup;
			children = (
				60C92C8E27465F0000A9B3B5 /* Base */,
			);
			name = LaunchScreen.storyboard;
			sourceTree = "<group>";
		};
/* End PBXVariantGroup section */

/* Begin XCBuildConfiguration section */
		60C92CA727465F0100A9B3B5 /* Debug */ = {
			isa = XCBuildConfiguration;
			buildSettings = {
				ALWAYS_SEARCH_USER_PATHS = NO;
				CLANG_ANALYZER_NONNULL = YES;
				CLANG_ANALYZER_NUMBER_OBJECT_CONVERSION = YES_AGGRESSIVE;
				CLANG_CXX_LANGUAGE_STANDARD = "gnu++14";
				CLANG_CXX_LIBRARY = "libc++";
				CLANG_ENABLE_MODULES = YES;
				CLANG_ENABLE_OBJC_ARC = YES;
				CLANG_ENABLE_OBJC_WEAK = YES;
				CLANG_WARN_BLOCK_CAPTURE_AUTORELEASING = YES;
				CLANG_WARN_BOOL_CONVERSION = YES;
				CLANG_WARN_COMMA = YES;
				CLANG_WARN_CONSTANT_CONVERSION = YES;
				CLANG_WARN_DEPRECATED_OBJC_IMPLEMENTATIONS = YES;
				CLANG_WARN_DIRECT_OBJC_ISA_USAGE = YES_ERROR;
				CLANG_WARN_DOCUMENTATION_COMMENTS = YES;
				CLANG_WARN_EMPTY_BODY = YES;
				CLANG_WARN_ENUM_CONVERSION = YES;
				CLANG_WARN_INFINITE_RECURSION = YES;
				CLANG_WARN_INT_CONVERSION = YES;
				CLANG_WARN_NON_LITERAL_NULL_CONVERSION = YES;
				CLANG_WARN_OBJC_IMPLICIT_RETAIN_SELF = YES;
				CLANG_WARN_OBJC_LITERAL_CONVERSION = YES;
				CLANG_WARN_OBJC_ROOT_CLASS = YES_ERROR;
				CLANG_WARN_QUOTED_INCLUDE_IN_FRAMEWORK_HEADER = YES;
				CLANG_WARN_RANGE_LOOP_ANALYSIS = YES;
				CLANG_WARN_STRICT_PROTOTYPES = YES;
				CLANG_WARN_SUSPICIOUS_MOVE = YES;
				CLANG_WARN_UNGUARDED_AVAILABILITY = YES_AGGRESSIVE;
				CLANG_WARN_UNREACHABLE_CODE = YES;
				CLANG_WARN__DUPLICATE_METHOD_MATCH = YES;
				COPY_PHASE_STRIP = NO;
				DEBUG_INFORMATION_FORMAT = dwarf;
				ENABLE_STRICT_OBJC_MSGSEND = YES;
				ENABLE_TESTABILITY = YES;
				GCC_C_LANGUAGE_STANDARD = gnu11;
				GCC_DYNAMIC_NO_PIC = NO;
				GCC_NO_COMMON_BLOCKS = YES;
				GCC_OPTIMIZATION_LEVEL = 0;
				GCC_PREPROCESSOR_DEFINITIONS = (
					"DEBUG=1",
					"$(inherited)",
				);
				GCC_WARN_64_TO_32_BIT_CONVERSION = YES;
				GCC_WARN_ABOUT_RETURN_TYPE = YES_ERROR;
				GCC_WARN_UNDECLARED_SELECTOR = YES;
				GCC_WARN_UNINITIALIZED_AUTOS = YES_AGGRESSIVE;
				GCC_WARN_UNUSED_FUNCTION = YES;
				GCC_WARN_UNUSED_VARIABLE = YES;
				IPHONEOS_DEPLOYMENT_TARGET = 14.4;
				MTL_ENABLE_DEBUG_INFO = INCLUDE_SOURCE;
				MTL_FAST_MATH = YES;
				ONLY_ACTIVE_ARCH = YES;
				SDKROOT = iphoneos;
				SWIFT_ACTIVE_COMPILATION_CONDITIONS = DEBUG;
				SWIFT_OPTIMIZATION_LEVEL = "-Onone";
			};
			name = Debug;
		};
		60C92CA827465F0100A9B3B5 /* Release */ = {
			isa = XCBuildConfiguration;
			buildSettings = {
				ALWAYS_SEARCH_USER_PATHS = NO;
				CLANG_ANALYZER_NONNULL = YES;
				CLANG_ANALYZER_NUMBER_OBJECT_CONVERSION = YES_AGGRESSIVE;
				CLANG_CXX_LANGUAGE_STANDARD = "gnu++14";
				CLANG_CXX_LIBRARY = "libc++";
				CLANG_ENABLE_MODULES = YES;
				CLANG_ENABLE_OBJC_ARC = YES;
				CLANG_ENABLE_OBJC_WEAK = YES;
				CLANG_WARN_BLOCK_CAPTURE_AUTORELEASING = YES;
				CLANG_WARN_BOOL_CONVERSION = YES;
				CLANG_WARN_COMMA = YES;
				CLANG_WARN_CONSTANT_CONVERSION = YES;
				CLANG_WARN_DEPRECATED_OBJC_IMPLEMENTATIONS = YES;
				CLANG_WARN_DIRECT_OBJC_ISA_USAGE = YES_ERROR;
				CLANG_WARN_DOCUMENTATION_COMMENTS = YES;
				CLANG_WARN_EMPTY_BODY = YES;
				CLANG_WARN_ENUM_CONVERSION = YES;
				CLANG_WARN_INFINITE_RECURSION = YES;
				CLANG_WARN_INT_CONVERSION = YES;
				CLANG_WARN_NON_LITERAL_NULL_CONVERSION = YES;
				CLANG_WARN_OBJC_IMPLICIT_RETAIN_SELF = YES;
				CLANG_WARN_OBJC_LITERAL_CONVERSION = YES;
				CLANG_WARN_OBJC_ROOT_CLASS = YES_ERROR;
				CLANG_WARN_QUOTED_INCLUDE_IN_FRAMEWORK_HEADER = YES;
				CLANG_WARN_RANGE_LOOP_ANALYSIS = YES;
				CLANG_WARN_STRICT_PROTOTYPES = YES;
				CLANG_WARN_SUSPICIOUS_MOVE = YES;
				CLANG_WARN_UNGUARDED_AVAILABILITY = YES_AGGRESSIVE;
				CLANG_WARN_UNREACHABLE_CODE = YES;
				CLANG_WARN__DUPLICATE_METHOD_MATCH = YES;
				COPY_PHASE_STRIP = NO;
				DEBUG_INFORMATION_FORMAT = "dwarf-with-dsym";
				ENABLE_NS_ASSERTIONS = NO;
				ENABLE_STRICT_OBJC_MSGSEND = YES;
				GCC_C_LANGUAGE_STANDARD = gnu11;
				GCC_NO_COMMON_BLOCKS = YES;
				GCC_WARN_64_TO_32_BIT_CONVERSION = YES;
				GCC_WARN_ABOUT_RETURN_TYPE = YES_ERROR;
				GCC_WARN_UNDECLARED_SELECTOR = YES;
				GCC_WARN_UNINITIALIZED_AUTOS = YES_AGGRESSIVE;
				GCC_WARN_UNUSED_FUNCTION = YES;
				GCC_WARN_UNUSED_VARIABLE = YES;
				IPHONEOS_DEPLOYMENT_TARGET = 14.4;
				MTL_ENABLE_DEBUG_INFO = NO;
				MTL_FAST_MATH = YES;
				SDKROOT = iphoneos;
				SWIFT_COMPILATION_MODE = wholemodule;
				SWIFT_OPTIMIZATION_LEVEL = "-O";
				VALIDATE_PRODUCT = YES;
			};
			name = Release;
		};
		60C92CAA27465F0100A9B3B5 /* Debug */ = {
			isa = XCBuildConfiguration;
			buildSettings = {
				ASSETCATALOG_COMPILER_APPICON_NAME = AppIcon;
				ASSETCATALOG_COMPILER_GLOBAL_ACCENT_COLOR_NAME = AccentColor;
				CODE_SIGN_STYLE = Automatic;
				DEVELOPMENT_TEAM = Y8L83HJTF5;
				INFOPLIST_FILE = FilmFest/Info.plist;
				LD_RUNPATH_SEARCH_PATHS = (
					"$(inherited)",
					"@executable_path/Frameworks",
				);
				PRODUCT_BUNDLE_IDENTIFIER = com.areekaras.FilmFest;
				PRODUCT_NAME = "$(TARGET_NAME)";
				SWIFT_VERSION = 5.0;
				TARGETED_DEVICE_FAMILY = "1,2";
			};
			name = Debug;
		};
		60C92CAB27465F0100A9B3B5 /* Release */ = {
			isa = XCBuildConfiguration;
			buildSettings = {
				ASSETCATALOG_COMPILER_APPICON_NAME = AppIcon;
				ASSETCATALOG_COMPILER_GLOBAL_ACCENT_COLOR_NAME = AccentColor;
				CODE_SIGN_STYLE = Automatic;
				DEVELOPMENT_TEAM = Y8L83HJTF5;
				INFOPLIST_FILE = FilmFest/Info.plist;
				LD_RUNPATH_SEARCH_PATHS = (
					"$(inherited)",
					"@executable_path/Frameworks",
				);
				PRODUCT_BUNDLE_IDENTIFIER = com.areekaras.FilmFest;
				PRODUCT_NAME = "$(TARGET_NAME)";
				SWIFT_VERSION = 5.0;
				TARGETED_DEVICE_FAMILY = "1,2";
			};
			name = Release;
		};
		60C92CAD27465F0100A9B3B5 /* Debug */ = {
			isa = XCBuildConfiguration;
			buildSettings = {
				ALWAYS_EMBED_SWIFT_STANDARD_LIBRARIES = YES;
				BUNDLE_LOADER = "$(TEST_HOST)";
				CLANG_ENABLE_MODULES = YES;
				CODE_SIGN_STYLE = Automatic;
				DEVELOPMENT_TEAM = Y8L83HJTF5;
				INFOPLIST_FILE = FilmFestTests/Info.plist;
				IPHONEOS_DEPLOYMENT_TARGET = 14.4;
				LD_RUNPATH_SEARCH_PATHS = (
					"$(inherited)",
					"@executable_path/Frameworks",
					"@loader_path/Frameworks",
				);
				PRODUCT_BUNDLE_IDENTIFIER = com.areekaras.FilmFestTests;
				PRODUCT_NAME = "$(TARGET_NAME)";
				SWIFT_OPTIMIZATION_LEVEL = "-Onone";
				SWIFT_VERSION = 5.0;
				TARGETED_DEVICE_FAMILY = "1,2";
				TEST_HOST = "$(BUILT_PRODUCTS_DIR)/FilmFest.app/FilmFest";
			};
			name = Debug;
		};
		60C92CAE27465F0100A9B3B5 /* Release */ = {
			isa = XCBuildConfiguration;
			buildSettings = {
				ALWAYS_EMBED_SWIFT_STANDARD_LIBRARIES = YES;
				BUNDLE_LOADER = "$(TEST_HOST)";
				CLANG_ENABLE_MODULES = YES;
				CODE_SIGN_STYLE = Automatic;
				DEVELOPMENT_TEAM = Y8L83HJTF5;
				INFOPLIST_FILE = FilmFestTests/Info.plist;
				IPHONEOS_DEPLOYMENT_TARGET = 14.4;
				LD_RUNPATH_SEARCH_PATHS = (
					"$(inherited)",
					"@executable_path/Frameworks",
					"@loader_path/Frameworks",
				);
				PRODUCT_BUNDLE_IDENTIFIER = com.areekaras.FilmFestTests;
				PRODUCT_NAME = "$(TARGET_NAME)";
				SWIFT_VERSION = 5.0;
				TARGETED_DEVICE_FAMILY = "1,2";
				TEST_HOST = "$(BUILT_PRODUCTS_DIR)/FilmFest.app/FilmFest";
			};
			name = Release;
		};
/* End XCBuildConfiguration section */

/* Begin XCConfigurationList section */
		60C92C7A27465EFF00A9B3B5 /* Build configuration list for PBXProject "FilmFest" */ = {
			isa = XCConfigurationList;
			buildConfigurations = (
				60C92CA727465F0100A9B3B5 /* Debug */,
				60C92CA827465F0100A9B3B5 /* Release */,
			);
			defaultConfigurationIsVisible = 0;
			defaultConfigurationName = Release;
		};
		60C92CA927465F0100A9B3B5 /* Build configuration list for PBXNativeTarget "FilmFest" */ = {
			isa = XCConfigurationList;
			buildConfigurations = (
				60C92CAA27465F0100A9B3B5 /* Debug */,
				60C92CAB27465F0100A9B3B5 /* Release */,
			);
			defaultConfigurationIsVisible = 0;
			defaultConfigurationName = Release;
		};
		60C92CAC27465F0100A9B3B5 /* Build configuration list for PBXNativeTarget "FilmFestTests" */ = {
			isa = XCConfigurationList;
			buildConfigurations = (
				60C92CAD27465F0100A9B3B5 /* Debug */,
				60C92CAE27465F0100A9B3B5 /* Release */,
			);
			defaultConfigurationIsVisible = 0;
			defaultConfigurationName = Release;
		};
/* End XCConfigurationList section */
	};
	rootObject = 60C92C7727465EFF00A9B3B5 /* Project object */;
}
